Microsoft Visual Studio Solution File, Format Version 12.00
# Visual Studio Version 17
VisualStudioVersion = 17.7.34031.279
MinimumVisualStudioVersion = 10.0.40219.1
Project("{8BC9CEB8-8B4A-11D0-8D11-00A0C91BC942}") = "CodeWalker.Shaders", "CodeWalker.Shaders\CodeWalker.Shaders.vcxproj", "{0D14B076-0ABF-434E-AB9F-36E7800D8887}"
EndProject
Project("{9A19103F-16F7-4668-BE54-9A1E7A4F7556}") = "CodeWalker.Core", "CodeWalker.Core\CodeWalker.Core.csproj", "{FF6B9F41-14BE-474E-9ED0-549C3BEB7E00}"
EndProject
Project("{9A19103F-16F7-4668-BE54-9A1E7A4F7556}") = "CodeWalker.ErrorReport", "CodeWalker.ErrorReport\CodeWalker.ErrorReport.csproj", "{1546AD63-DB3A-48B3-873F-2209DF971A2E}"
EndProject
Project("{9A19103F-16F7-4668-BE54-9A1E7A4F7556}") = "CodeWalker.WinForms", "CodeWalker.WinForms\CodeWalker.WinForms.csproj", "{9E46DC27-6508-403E-A917-23C7A389CD26}"
EndProject
Project("{9A19103F-16F7-4668-BE54-9A1E7A4F7556}") = "CodeWalker", "CodeWalker\CodeWalker.csproj", "{A4E4F8E1-BCBA-46ED-8178-679FB2D3D23B}"
	ProjectSection(ProjectDependencies) = postProject
		{9E46DC27-6508-403E-A917-23C7A389CD26} = {9E46DC27-6508-403E-A917-23C7A389CD26}
		{FF6B9F41-14BE-474E-9ED0-549C3BEB7E00} = {FF6B9F41-14BE-474E-9ED0-549C3BEB7E00}
	EndProjectSection
EndProject
Project("{9A19103F-16F7-4668-BE54-9A1E7A4F7556}") = "CodeWalker.Peds", "CodeWalker.Peds\CodeWalker.Peds.csproj", "{F029235F-38A7-463F-ADB6-80261375AF8A}"
EndProject
Project("{9A19103F-16F7-4668-BE54-9A1E7A4F7556}") = "CodeWalker.RPFExplorer", "CodeWalker.RPFExplorer\CodeWalker.RPFExplorer.csproj", "{C6C8D7EB-CBF5-4748-B438-1EA3415C7DD5}"
EndProject
Project("{9A19103F-16F7-4668-BE54-9A1E7A4F7556}") = "CodeWalker.Vehicles", "CodeWalker.Vehicles\CodeWalker.Vehicles.csproj", "{F5A776B0-2F1A-4C36-87B3-86206AC4B439}"
EndProject
Project("{9A19103F-16F7-4668-BE54-9A1E7A4F7556}") = "CodeWalker.Test", "CodeWalker.Test\CodeWalker.Test.csproj", "{067FF87E-CA79-4B29-BCF6-11622999EDC6}"
EndProject
Project("{9A19103F-16F7-4668-BE54-9A1E7A4F7556}") = "CodeWalker.Benchmarks", "CodeWalker.Benchmarks\CodeWalker.Benchmarks.csproj", "{EDDA8A8E-5333-4E28-8221-A31E3B70EB7A}"
EndProject
Project("{2150E333-8FDC-42A3-9474-1A3956D46DE8}") = "Solution Items", "Solution Items", "{5017C2E3-D441-4BDF-AC7C-46CAEC2F38F4}"
	ProjectSection(SolutionItems) = preProject
		.editorconfig = .editorconfig
	EndProjectSection
EndProject
Global
	GlobalSection(SolutionConfigurationPlatforms) = preSolution
		Debug|Any CPU = Debug|Any CPU
		Debug|x64 = Debug|x64
		Debug|x86 = Debug|x86
		Release|Any CPU = Release|Any CPU
		Release|x64 = Release|x64
		Release|x86 = Release|x86
	EndGlobalSection
	GlobalSection(ProjectConfigurationPlatforms) = postSolution
		{0D14B076-0ABF-434E-AB9F-36E7800D8887}.Debug|Any CPU.ActiveCfg = Debug|Win32
		{0D14B076-0ABF-434E-AB9F-36E7800D8887}.Debug|Any CPU.Build.0 = Debug|Win32
		{0D14B076-0ABF-434E-AB9F-36E7800D8887}.Debug|x64.ActiveCfg = Debug|x64
		{0D14B076-0ABF-434E-AB9F-36E7800D8887}.Debug|x86.ActiveCfg = Debug|Win32
		{0D14B076-0ABF-434E-AB9F-36E7800D8887}.Debug|x86.Build.0 = Debug|Win32
		{0D14B076-0ABF-434E-AB9F-36E7800D8887}.Release|Any CPU.ActiveCfg = Release|Win32
		{0D14B076-0ABF-434E-AB9F-36E7800D8887}.Release|Any CPU.Build.0 = Release|Win32
		{0D14B076-0ABF-434E-AB9F-36E7800D8887}.Release|x64.ActiveCfg = Release|x64
		{0D14B076-0ABF-434E-AB9F-36E7800D8887}.Release|x64.Build.0 = Release|x64
		{0D14B076-0ABF-434E-AB9F-36E7800D8887}.Release|x86.ActiveCfg = Release|Win32
		{0D14B076-0ABF-434E-AB9F-36E7800D8887}.Release|x86.Build.0 = Release|Win32
		{FF6B9F41-14BE-474E-9ED0-549C3BEB7E00}.Debug|Any CPU.ActiveCfg = Debug|Any CPU
		{FF6B9F41-14BE-474E-9ED0-549C3BEB7E00}.Debug|Any CPU.Build.0 = Debug|Any CPU
		{FF6B9F41-14BE-474E-9ED0-549C3BEB7E00}.Debug|x64.ActiveCfg = Debug|Any CPU
		{FF6B9F41-14BE-474E-9ED0-549C3BEB7E00}.Debug|x64.Build.0 = Debug|Any CPU
		{FF6B9F41-14BE-474E-9ED0-549C3BEB7E00}.Debug|x86.ActiveCfg = Debug|Any CPU
		{FF6B9F41-14BE-474E-9ED0-549C3BEB7E00}.Debug|x86.Build.0 = Debug|Any CPU
		{FF6B9F41-14BE-474E-9ED0-549C3BEB7E00}.Release|Any CPU.ActiveCfg = Release|Any CPU
		{FF6B9F41-14BE-474E-9ED0-549C3BEB7E00}.Release|Any CPU.Build.0 = Release|Any CPU
		{FF6B9F41-14BE-474E-9ED0-549C3BEB7E00}.Release|x64.ActiveCfg = Release|Any CPU
		{FF6B9F41-14BE-474E-9ED0-549C3BEB7E00}.Release|x64.Build.0 = Release|Any CPU
		{FF6B9F41-14BE-474E-9ED0-549C3BEB7E00}.Release|x86.ActiveCfg = Release|Any CPU
		{FF6B9F41-14BE-474E-9ED0-549C3BEB7E00}.Release|x86.Build.0 = Release|Any CPU
		{1546AD63-DB3A-48B3-873F-2209DF971A2E}.Debug|Any CPU.ActiveCfg = Debug|Any CPU
		{1546AD63-DB3A-48B3-873F-2209DF971A2E}.Debug|Any CPU.Build.0 = Debug|Any CPU
		{1546AD63-DB3A-48B3-873F-2209DF971A2E}.Debug|x64.ActiveCfg = Debug|Any CPU
		{1546AD63-DB3A-48B3-873F-2209DF971A2E}.Debug|x64.Build.0 = Debug|Any CPU
		{1546AD63-DB3A-48B3-873F-2209DF971A2E}.Debug|x86.ActiveCfg = Debug|Any CPU
		{1546AD63-DB3A-48B3-873F-2209DF971A2E}.Debug|x86.Build.0 = Debug|Any CPU
		{1546AD63-DB3A-48B3-873F-2209DF971A2E}.Release|Any CPU.ActiveCfg = Release|Any CPU
		{1546AD63-DB3A-48B3-873F-2209DF971A2E}.Release|Any CPU.Build.0 = Release|Any CPU
		{1546AD63-DB3A-48B3-873F-2209DF971A2E}.Release|x64.ActiveCfg = Release|Any CPU
		{1546AD63-DB3A-48B3-873F-2209DF971A2E}.Release|x64.Build.0 = Release|Any CPU
		{1546AD63-DB3A-48B3-873F-2209DF971A2E}.Release|x86.ActiveCfg = Release|Any CPU
		{1546AD63-DB3A-48B3-873F-2209DF971A2E}.Release|x86.Build.0 = Release|Any CPU
		{9E46DC27-6508-403E-A917-23C7A389CD26}.Debug|Any CPU.ActiveCfg = Debug|Any CPU
		{9E46DC27-6508-403E-A917-23C7A389CD26}.Debug|Any CPU.Build.0 = Debug|Any CPU
		{9E46DC27-6508-403E-A917-23C7A389CD26}.Debug|x64.ActiveCfg = Debug|Any CPU
		{9E46DC27-6508-403E-A917-23C7A389CD26}.Debug|x64.Build.0 = Debug|Any CPU
		{9E46DC27-6508-403E-A917-23C7A389CD26}.Debug|x86.ActiveCfg = Debug|Any CPU
		{9E46DC27-6508-403E-A917-23C7A389CD26}.Debug|x86.Build.0 = Debug|Any CPU
		{9E46DC27-6508-403E-A917-23C7A389CD26}.Release|Any CPU.ActiveCfg = Release|Any CPU
		{9E46DC27-6508-403E-A917-23C7A389CD26}.Release|Any CPU.Build.0 = Release|Any CPU
		{9E46DC27-6508-403E-A917-23C7A389CD26}.Release|x64.ActiveCfg = Release|Any CPU
		{9E46DC27-6508-403E-A917-23C7A389CD26}.Release|x64.Build.0 = Release|Any CPU
		{9E46DC27-6508-403E-A917-23C7A389CD26}.Release|x86.ActiveCfg = Release|Any CPU
		{9E46DC27-6508-403E-A917-23C7A389CD26}.Release|x86.Build.0 = Release|Any CPU
		{A4E4F8E1-BCBA-46ED-8178-679FB2D3D23B}.Debug|Any CPU.ActiveCfg = Debug|Any CPU
		{A4E4F8E1-BCBA-46ED-8178-679FB2D3D23B}.Debug|Any CPU.Build.0 = Debug|Any CPU
		{A4E4F8E1-BCBA-46ED-8178-679FB2D3D23B}.Debug|x64.ActiveCfg = Debug|Any CPU
		{A4E4F8E1-BCBA-46ED-8178-679FB2D3D23B}.Debug|x64.Build.0 = Debug|Any CPU
		{A4E4F8E1-BCBA-46ED-8178-679FB2D3D23B}.Debug|x86.ActiveCfg = Debug|Any CPU
		{A4E4F8E1-BCBA-46ED-8178-679FB2D3D23B}.Debug|x86.Build.0 = Debug|Any CPU
		{A4E4F8E1-BCBA-46ED-8178-679FB2D3D23B}.Release|Any CPU.ActiveCfg = Release|Any CPU
		{A4E4F8E1-BCBA-46ED-8178-679FB2D3D23B}.Release|Any CPU.Build.0 = Release|Any CPU
		{A4E4F8E1-BCBA-46ED-8178-679FB2D3D23B}.Release|x64.ActiveCfg = Release|Any CPU
		{A4E4F8E1-BCBA-46ED-8178-679FB2D3D23B}.Release|x64.Build.0 = Release|Any CPU
		{A4E4F8E1-BCBA-46ED-8178-679FB2D3D23B}.Release|x86.ActiveCfg = Release|Any CPU
		{A4E4F8E1-BCBA-46ED-8178-679FB2D3D23B}.Release|x86.Build.0 = Release|Any CPU
		{F029235F-38A7-463F-ADB6-80261375AF8A}.Debug|Any CPU.ActiveCfg = Debug|Any CPU
		{F029235F-38A7-463F-ADB6-80261375AF8A}.Debug|Any CPU.Build.0 = Debug|Any CPU
		{F029235F-38A7-463F-ADB6-80261375AF8A}.Debug|x64.ActiveCfg = Debug|Any CPU
		{F029235F-38A7-463F-ADB6-80261375AF8A}.Debug|x64.Build.0 = Debug|Any CPU
		{F029235F-38A7-463F-ADB6-80261375AF8A}.Debug|x86.ActiveCfg = Debug|Any CPU
		{F029235F-38A7-463F-ADB6-80261375AF8A}.Debug|x86.Build.0 = Debug|Any CPU
		{F029235F-38A7-463F-ADB6-80261375AF8A}.Release|Any CPU.ActiveCfg = Release|Any CPU
		{F029235F-38A7-463F-ADB6-80261375AF8A}.Release|Any CPU.Build.0 = Release|Any CPU
		{F029235F-38A7-463F-ADB6-80261375AF8A}.Release|x64.ActiveCfg = Release|Any CPU
		{F029235F-38A7-463F-ADB6-80261375AF8A}.Release|x64.Build.0 = Release|Any CPU
		{F029235F-38A7-463F-ADB6-80261375AF8A}.Release|x86.ActiveCfg = Release|Any CPU
		{F029235F-38A7-463F-ADB6-80261375AF8A}.Release|x86.Build.0 = Release|Any CPU
		{C6C8D7EB-CBF5-4748-B438-1EA3415C7DD5}.Debug|Any CPU.ActiveCfg = Debug|Any CPU
		{C6C8D7EB-CBF5-4748-B438-1EA3415C7DD5}.Debug|Any CPU.Build.0 = Debug|Any CPU
		{C6C8D7EB-CBF5-4748-B438-1EA3415C7DD5}.Debug|x64.ActiveCfg = Debug|Any CPU
		{C6C8D7EB-CBF5-4748-B438-1EA3415C7DD5}.Debug|x64.Build.0 = Debug|Any CPU
		{C6C8D7EB-CBF5-4748-B438-1EA3415C7DD5}.Debug|x86.ActiveCfg = Debug|Any CPU
		{C6C8D7EB-CBF5-4748-B438-1EA3415C7DD5}.Debug|x86.Build.0 = Debug|Any CPU
		{C6C8D7EB-CBF5-4748-B438-1EA3415C7DD5}.Release|Any CPU.ActiveCfg = Release|Any CPU
		{C6C8D7EB-CBF5-4748-B438-1EA3415C7DD5}.Release|Any CPU.Build.0 = Release|Any CPU
		{C6C8D7EB-CBF5-4748-B438-1EA3415C7DD5}.Release|x64.ActiveCfg = Release|Any CPU
		{C6C8D7EB-CBF5-4748-B438-1EA3415C7DD5}.Release|x64.Build.0 = Release|Any CPU
		{C6C8D7EB-CBF5-4748-B438-1EA3415C7DD5}.Release|x86.ActiveCfg = Release|Any CPU
		{C6C8D7EB-CBF5-4748-B438-1EA3415C7DD5}.Release|x86.Build.0 = Release|Any CPU
		{F5A776B0-2F1A-4C36-87B3-86206AC4B439}.Debug|Any CPU.ActiveCfg = Debug|Any CPU
		{F5A776B0-2F1A-4C36-87B3-86206AC4B439}.Debug|Any CPU.Build.0 = Debug|Any CPU
		{F5A776B0-2F1A-4C36-87B3-86206AC4B439}.Debug|x64.ActiveCfg = Debug|Any CPU
		{F5A776B0-2F1A-4C36-87B3-86206AC4B439}.Debug|x64.Build.0 = Debug|Any CPU
		{F5A776B0-2F1A-4C36-87B3-86206AC4B439}.Debug|x86.ActiveCfg = Debug|Any CPU
		{F5A776B0-2F1A-4C36-87B3-86206AC4B439}.Debug|x86.Build.0 = Debug|Any CPU
		{F5A776B0-2F1A-4C36-87B3-86206AC4B439}.Release|Any CPU.ActiveCfg = Release|Any CPU
		{F5A776B0-2F1A-4C36-87B3-86206AC4B439}.Release|Any CPU.Build.0 = Release|Any CPU
		{F5A776B0-2F1A-4C36-87B3-86206AC4B439}.Release|x64.ActiveCfg = Release|Any CPU
		{F5A776B0-2F1A-4C36-87B3-86206AC4B439}.Release|x64.Build.0 = Release|Any CPU
		{F5A776B0-2F1A-4C36-87B3-86206AC4B439}.Release|x86.ActiveCfg = Release|Any CPU
		{F5A776B0-2F1A-4C36-87B3-86206AC4B439}.Release|x86.Build.0 = Release|Any CPU
		{067FF87E-CA79-4B29-BCF6-11622999EDC6}.Debug|Any CPU.ActiveCfg = Debug|Any CPU
		{067FF87E-CA79-4B29-BCF6-11622999EDC6}.Debug|Any CPU.Build.0 = Debug|Any CPU
		{067FF87E-CA79-4B29-BCF6-11622999EDC6}.Debug|x64.ActiveCfg = Debug|Any CPU
		{067FF87E-CA79-4B29-BCF6-11622999EDC6}.Debug|x64.Build.0 = Debug|Any CPU
		{067FF87E-CA79-4B29-BCF6-11622999EDC6}.Debug|x86.ActiveCfg = Debug|Any CPU
		{067FF87E-CA79-4B29-BCF6-11622999EDC6}.Debug|x86.Build.0 = Debug|Any CPU
		{067FF87E-CA79-4B29-BCF6-11622999EDC6}.Release|Any CPU.ActiveCfg = Release|Any CPU
		{067FF87E-CA79-4B29-BCF6-11622999EDC6}.Release|Any CPU.Build.0 = Release|Any CPU
		{067FF87E-CA79-4B29-BCF6-11622999EDC6}.Release|x64.ActiveCfg = Release|Any CPU
		{067FF87E-CA79-4B29-BCF6-11622999EDC6}.Release|x64.Build.0 = Release|Any CPU
		{067FF87E-CA79-4B29-BCF6-11622999EDC6}.Release|x86.ActiveCfg = Release|Any CPU
		{067FF87E-CA79-4B29-BCF6-11622999EDC6}.Release|x86.Build.0 = Release|Any CPU
		{EDDA8A8E-5333-4E28-8221-A31E3B70EB7A}.Debug|Any CPU.ActiveCfg = Debug|Any CPU
		{EDDA8A8E-5333-4E28-8221-A31E3B70EB7A}.Debug|Any CPU.Build.0 = Debug|Any CPU
		{EDDA8A8E-5333-4E28-8221-A31E3B70EB7A}.Debug|x64.ActiveCfg = Debug|Any CPU
		{EDDA8A8E-5333-4E28-8221-A31E3B70EB7A}.Debug|x64.Build.0 = Debug|Any CPU
		{EDDA8A8E-5333-4E28-8221-A31E3B70EB7A}.Debug|x86.ActiveCfg = Debug|Any CPU
		{EDDA8A8E-5333-4E28-8221-A31E3B70EB7A}.Debug|x86.Build.0 = Debug|Any CPU
		{EDDA8A8E-5333-4E28-8221-A31E3B70EB7A}.Release|Any CPU.ActiveCfg = Release|Any CPU
		{EDDA8A8E-5333-4E28-8221-A31E3B70EB7A}.Release|Any CPU.Build.0 = Release|Any CPU
		{EDDA8A8E-5333-4E28-8221-A31E3B70EB7A}.Release|x64.ActiveCfg = Release|Any CPU
		{EDDA8A8E-5333-4E28-8221-A31E3B70EB7A}.Release|x64.Build.0 = Release|Any CPU
		{EDDA8A8E-5333-4E28-8221-A31E3B70EB7A}.Release|x86.ActiveCfg = Release|Any CPU
		{EDDA8A8E-5333-4E28-8221-A31E3B70EB7A}.Release|x86.Build.0 = Release|Any CPU
	EndGlobalSection
	GlobalSection(SolutionProperties) = preSolution
		HideSolutionNode = FALSE
	EndGlobalSection
	GlobalSection(ExtensibilityGlobals) = postSolution
		SolutionGuid = {5D6153C2-98D1-4C3D-9232-4C2BEEAEC8E0}
	EndGlobalSection
EndGlobal
