<?xml version="1.0" encoding="utf-8"?>
<Project ToolsVersion="4.0" xmlns="http://schemas.microsoft.com/developer/msbuild/2003">
  <ItemGroup>
    <FxCompile Include="BasicPS.hlsl" />
    <FxCompile Include="TerrainPS.hlsl" />
    <FxCompile Include="TerrainVS_PNCTTX.hlsl" />
    <FxCompile Include="TerrainVS_PNCCT.hlsl" />
    <FxCompile Include="TerrainVS_PNCCTT.hlsl" />
    <FxCompile Include="TerrainVS_PNCCTTTX.hlsl" />
    <FxCompile Include="TerrainVS_PNCCTTX.hlsl" />
    <FxCompile Include="TerrainVS_PNCCTX.hlsl" />
    <FxCompile Include="TerrainVS_PNCTTTX.hlsl" />
    <FxCompile Include="MarkerVS.hlsl" />
    <FxCompile Include="MarkerPS.hlsl" />
    <FxCompile Include="SkydomeVS.hlsl" />
    <FxCompile Include="SkydomePS.hlsl" />
    <FxCompile Include="BoundingSphereVS.hlsl" />
    <FxCompile Include="BoundsPS.hlsl" />
    <FxCompile Include="BoundingBoxVS.hlsl" />
    <FxCompile Include="TreesLodVS.hlsl" />
    <FxCompile Include="TreesLodPS.hlsl" />
    <FxCompile Include="ShadowVS.hlsl" />
    <FxCompile Include="ShadowPS.hlsl" />
    <FxCompile Include="BasicVS_PNCT.hlsl" />
    <FxCompile Include="BasicVS_PNCTT.hlsl" />
    <FxCompile Include="BasicVS_PNCTX.hlsl" />
    <FxCompile Include="BasicVS_PNCCT.hlsl" />
    <FxCompile Include="BasicVS_PNCCTT.hlsl" />
    <FxCompile Include="BasicVS_PNCCTTT.hlsl" />
    <FxCompile Include="BasicVS_PNCCTX.hlsl" />
    <FxCompile Include="BasicVS_PNCTTX.hlsl" />
    <FxCompile Include="BasicVS_PNCCTTX.hlsl" />
    <FxCompile Include="BasicVS_PNCTTTX.hlsl" />
    <FxCompile Include="BasicVS_PNCCTTTX.hlsl" />
    <FxCompile Include="BasicVS_Box.hlsl" />
    <FxCompile Include="BasicVS_Sphere.hlsl" />
    <FxCompile Include="BasicVS_Capsule.hlsl" />
    <FxCompile Include="BasicVS_Cylinder.hlsl" />
    <FxCompile Include="CableVS.hlsl" />
    <FxCompile Include="CablePS.hlsl" />
    <FxCompile Include="DistantLightsVS.hlsl" />
    <FxCompile Include="DistantLightsPS.hlsl" />
    <FxCompile Include="PPBloomFilterBPHCS.hlsl" />
    <FxCompile Include="PPBloomFilterVCS.hlsl" />
    <FxCompile Include="PPCopyPixelsPS.hlsl" />
    <FxCompile Include="PPFinalPassPS.hlsl" />
    <FxCompile Include="PPFinalPassVS.hlsl" />
    <FxCompile Include="PPLumBlendCS.hlsl" />
    <FxCompile Include="PPReduceTo0DCS.hlsl" />
    <FxCompile Include="PPReduceTo1DCS.hlsl" />
    <FxCompile Include="SkySunVS.hlsl" />
    <FxCompile Include="SkySunPS.hlsl" />
    <FxCompile Include="CloudsVS.hlsl" />
    <FxCompile Include="CloudsPS.hlsl" />
    <FxCompile Include="WaterVS_PNCT.hlsl" />
    <FxCompile Include="WaterVS_PNCTX.hlsl" />
    <FxCompile Include="WaterPS.hlsl" />
    <FxCompile Include="WaterVS_PT.hlsl" />
    <FxCompile Include="WaterVS_PCT.hlsl" />
    <FxCompile Include="PathVS.hlsl" />
    <FxCompile Include="PathPS.hlsl" />
    <FxCompile Include="WidgetVS.hlsl" />
    <FxCompile Include="WidgetPS.hlsl" />
    <FxCompile Include="PathBoxVS.hlsl" />
    <FxCompile Include="PathBoxPS.hlsl" />
    <FxCompile Include="SkyMoonVS.hlsl" />
    <FxCompile Include="SkyMoonPS.hlsl" />
    <FxCompile Include="PathDynVS.hlsl" />
    <FxCompile Include="BasicVS_PBBNCT.hlsl" />
    <FxCompile Include="BasicVS_PBBNCTX.hlsl" />
    <FxCompile Include="BasicVS_PBBNCTT.hlsl" />
    <FxCompile Include="BasicVS_PBBNCTTT.hlsl" />
    <FxCompile Include="BasicVS_PNCTTT.hlsl" />
    <FxCompile Include="BasicVS_PBBNCCT.hlsl" />
    <FxCompile Include="BasicVS_PBBNCCTX.hlsl" />
    <FxCompile Include="BasicVS_PBBNCTTX.hlsl" />
  </ItemGroup>
  <ItemGroup>
    <None Include="Quaternion.hlsli" />
    <None Include="Common.hlsli" />
    <None Include="Shadowmap.hlsli" />
    <None Include="TerrainVS.hlsli" />
    <None Include="BasicVS.hlsli" />
    <None Include="Skydome.hlsli" />
    <None Include="Clouds.hlsli" />
    <None Include="WaterVS.hlsli" />
  </ItemGroup>
</Project>